
Microsoft Visual Studio Solution File, Format Version 12.00
# Visual Studio 2013
VisualStudioVersion = 12.0.21005.1
MinimumVisualStudioVersion = 10.0.40219.1
Project("{FAE04EC0-301F-11D3-BF4B-00C04F79EFBC}") = "Quiron.LojaVirtual.Dominio", "Quiron.LojaVirtual.Dominio\Quiron.LojaVirtual.Dominio.csproj", "{98357165-F638-4B3F-934B-CBC2BF535915}"
EndProject
Project("{FAE04EC0-301F-11D3-BF4B-00C04F79EFBC}") = "Quiron.LojaVirtual.Web", "Quiron.LojaVirtual.Web\Quiron.LojaVirtual.Web.csproj", "{1CDE0896-5F7B-47EA-98AF-89D8DD484D2F}"
EndProject
Project("{FAE04EC0-301F-11D3-BF4B-00C04F79EFBC}") = "Quiron.LojaVirtual.UnitTest", "Quiron.LojaVirtual.UnitTest\Quiron.LojaVirtual.UnitTest.csproj", "{7B75E9E3-E176-4596-8A49-92F22851C845}"
EndProject
Global
	GlobalSection(SolutionConfigurationPlatforms) = preSolution
		Debug|Any CPU = Debug|Any CPU
		Release|Any CPU = Release|Any CPU
	EndGlobalSection
	GlobalSection(ProjectConfigurationPlatforms) = postSolution
		{98357165-F638-4B3F-934B-CBC2BF535915}.Debug|Any CPU.ActiveCfg = Debug|Any CPU
		{98357165-F638-4B3F-934B-CBC2BF535915}.Debug|Any CPU.Build.0 = Debug|Any CPU
		{98357165-F638-4B3F-934B-CBC2BF535915}.Release|Any CPU.ActiveCfg = Release|Any CPU
		{98357165-F638-4B3F-934B-CBC2BF535915}.Release|Any CPU.Build.0 = Release|Any CPU
		{1CDE0896-5F7B-47EA-98AF-89D8DD484D2F}.Debug|Any CPU.ActiveCfg = Debug|Any CPU
		{1CDE0896-5F7B-47EA-98AF-89D8DD484D2F}.Debug|Any CPU.Build.0 = Debug|Any CPU
		{1CDE0896-5F7B-47EA-98AF-89D8DD484D2F}.Release|Any CPU.ActiveCfg = Release|Any CPU
		{1CDE0896-5F7B-47EA-98AF-89D8DD484D2F}.Release|Any CPU.Build.0 = Release|Any CPU
		{7B75E9E3-E176-4596-8A49-92F22851C845}.Debug|Any CPU.ActiveCfg = Debug|Any CPU
		{7B75E9E3-E176-4596-8A49-92F22851C845}.Debug|Any CPU.Build.0 = Debug|Any CPU
		{7B75E9E3-E176-4596-8A49-92F22851C845}.Release|Any CPU.ActiveCfg = Release|Any CPU
		{7B75E9E3-E176-4596-8A49-92F22851C845}.Release|Any CPU.Build.0 = Release|Any CPU
	EndGlobalSection
	GlobalSection(SolutionProperties) = preSolution
		HideSolutionNode = FALSE
	EndGlobalSection
EndGlobal
